<?xml version="1.0" encoding="UTF-8" standalone="yes" ?>
<CodeBlocks_project_file>
	<FileVersion major="1" minor="6" />
	<Project>
		<Option title="CodeGen" />
		<Option pch_mode="2" />
		<Option compiler="gcc" />
		<Build>
			<Target title="Debug">
				<Option output="bin/Debug/FlyableCodeGen" imp_lib="$(TARGET_OUTPUT_DIR)$(TARGET_OUTPUT_BASENAME).a" def_file="$(TARGET_OUTPUT_DIR)$(TARGET_OUTPUT_BASENAME).def" prefix_auto="1" extension_auto="1" />
				<Option object_output="obj/Debug/" />
				<Option type="3" />
				<Option compiler="gcc" />
				<Option createDefFile="1" />
				<Option createStaticLib="1" />
				<Compiler>
					<Add option="-g" />
				</Compiler>
			</Target>
			<Target title="Release">
				<Option output="../flyable/dyn_lib/win64/FlyableCodeGen" imp_lib="$(TARGET_OUTPUT_DIR)$(TARGET_OUTPUT_BASENAME).a" def_file="$(TARGET_OUTPUT_DIR)$(TARGET_OUTPUT_BASENAME).def" prefix_auto="1" extension_auto="1" />
				<Option object_output="obj/Release/" />
				<Option type="3" />
				<Option compiler="gcc" />
				<Option createDefFile="1" />
				<Option createStaticLib="1" />
				<Compiler>
					<Add option="-O2" />
				</Compiler>
				<Linker>
					<Add option="-s" />
				</Linker>
			</Target>
		</Build>
		<Compiler>
			<Add option="-Wall" />
			<Add directory="../../llvm/build/include" />
			<Add directory="../../llvm/include" />
		</Compiler>
		<Linker>
			<Add library="../../llvm/build/lib/libbenchmark.dll.a" />
			<Add library="../../llvm/build/lib/libbenchmark_main.dll.a" />
			<Add library="../../llvm/build/lib/libDynamicLibraryLib.a" />
			<Add library="../../llvm/build/lib/libllvm_gtest.dll.a" />
			<Add library="../../llvm/build/lib/libllvm_gtest_main.dll.a" />
			<Add library="../../llvm/build/lib/libLLVMAggressiveInstCombine.dll.a" />
			<Add library="../../llvm/build/lib/libLLVMAnalysis.dll.a" />
			<Add library="../../llvm/build/lib/libLLVMAsmParser.dll.a" />
			<Add library="../../llvm/build/lib/libLLVMAsmPrinter.dll.a" />
			<Add library="../../llvm/build/lib/libLLVMBinaryFormat.dll.a" />
			<Add library="../../llvm/build/lib/libLLVMBitReader.dll.a" />
			<Add library="../../llvm/build/lib/libLLVMBitstreamReader.dll.a" />
			<Add library="../../llvm/build/lib/libLLVMBitWriter.dll.a" />
			<Add library="../../llvm/build/lib/libLLVMCFGuard.dll.a" />
			<Add library="../../llvm/build/lib/libLLVMCFIVerify.dll.a" />
			<Add library="../../llvm/build/lib/libLLVMCFIVerify_static.a" />
			<Add library="../../llvm/build/lib/libLLVMCodeGen.dll.a" />
			<Add library="../../llvm/build/lib/libLLVMCore.dll.a" />
			<Add library="../../llvm/build/lib/libLLVMCoroutines.dll.a" />
			<Add library="../../llvm/build/lib/libLLVMCoverage.dll.a" />
			<Add library="../../llvm/build/lib/libLLVMDebugInfoCodeView.dll.a" />
			<Add library="../../llvm/build/lib/libLLVMDebuginfod.dll.a" />
			<Add library="../../llvm/build/lib/libLLVMDebugInfoDWARF.dll.a" />
			<Add library="../../llvm/build/lib/libLLVMDebugInfoGSYM.dll.a" />
			<Add library="../../llvm/build/lib/libLLVMDebugInfoMSF.dll.a" />
			<Add library="../../llvm/build/lib/libLLVMDebugInfoPDB.dll.a" />
			<Add library="../../llvm/build/lib/libLLVMDemangle.dll.a" />
			<Add library="../../llvm/build/lib/libLLVMDiff.dll.a" />
			<Add library="../../llvm/build/lib/libLLVMDiff_static.a" />
			<Add library="../../llvm/build/lib/libLLVMDlltoolDriver.dll.a" />
			<Add library="../../llvm/build/lib/libLLVMDWARFLinker.dll.a" />
			<Add library="../../llvm/build/lib/libLLVMDWP.dll.a" />
			<Add library="../../llvm/build/lib/libLLVMExecutionEngine.dll.a" />
			<Add library="../../llvm/build/lib/libLLVMExegesis.dll.a" />
			<Add library="../../llvm/build/lib/libLLVMExegesis_static.a" />
			<Add library="../../llvm/build/lib/libLLVMExegesisX86.dll.a" />
			<Add library="../../llvm/build/lib/libLLVMExegesisX86_static.a" />
			<Add library="../../llvm/build/lib/libLLVMExtensions.dll.a" />
			<Add library="../../llvm/build/lib/libLLVMFileCheck.dll.a" />
			<Add library="../../llvm/build/lib/libLLVMFrontendOpenACC.dll.a" />
			<Add library="../../llvm/build/lib/libLLVMFrontendOpenMP.dll.a" />
			<Add library="../../llvm/build/lib/libLLVMFuzzMutate.dll.a" />
			<Add library="../../llvm/build/lib/libLLVMGlobalISel.dll.a" />
			<Add library="../../llvm/build/lib/libLLVMInstCombine.dll.a" />
			<Add library="../../llvm/build/lib/libLLVMInstrumentation.dll.a" />
			<Add library="../../llvm/build/lib/libLLVMInterfaceStub.dll.a" />
			<Add library="../../llvm/build/lib/libLLVMInterpreter.dll.a" />
			<Add library="../../llvm/build/lib/libLLVMipo.dll.a" />
			<Add library="../../llvm/build/lib/libLLVMIRReader.dll.a" />
			<Add library="../../llvm/build/lib/libLLVMJITLink.dll.a" />
			<Add library="../../llvm/build/lib/libLLVMLibDriver.dll.a" />
			<Add library="../../llvm/build/lib/libLLVMLineEditor.dll.a" />
			<Add library="../../llvm/build/lib/libLLVMLinker.dll.a" />
			<Add library="../../llvm/build/lib/libLLVMLTO.dll.a" />
			<Add library="../../llvm/build/lib/libLLVMMC.dll.a" />
			<Add library="../../llvm/build/lib/libLLVMMCA.dll.a" />
			<Add library="../../llvm/build/lib/libLLVMMCDisassembler.dll.a" />
			<Add library="../../llvm/build/lib/libLLVMMCJIT.dll.a" />
			<Add library="../../llvm/build/lib/libLLVMMCParser.dll.a" />
			<Add library="../../llvm/build/lib/libLLVMMIRParser.dll.a" />
			<Add library="../../llvm/build/lib/libLLVMObjCARCOpts.dll.a" />
			<Add library="../../llvm/build/lib/libLLVMObjCopy.dll.a" />
			<Add library="../../llvm/build/lib/libLLVMObject.dll.a" />
			<Add library="../../llvm/build/lib/libLLVMObjectYAML.dll.a" />
			<Add library="../../llvm/build/lib/libLLVMOption.dll.a" />
			<Add library="../../llvm/build/lib/libLLVMOrcJIT.dll.a" />
			<Add library="../../llvm/build/lib/libLLVMOrcShared.dll.a" />
			<Add library="../../llvm/build/lib/libLLVMOrcTargetProcess.dll.a" />
			<Add library="../../llvm/build/lib/libLLVMPasses.dll.a" />
			<Add library="../../llvm/build/lib/libLLVMProfileData.dll.a" />
			<Add library="../../llvm/build/lib/libLLVMRemarks.dll.a" />
			<Add library="../../llvm/build/lib/libLLVMRuntimeDyld.dll.a" />
			<Add library="../../llvm/build/lib/libLLVMScalarOpts.dll.a" />
			<Add library="../../llvm/build/lib/libLLVMSelectionDAG.dll.a" />
			<Add library="../../llvm/build/lib/libLLVMSupport.dll.a" />
			<Add library="../../llvm/build/lib/libLLVMSymbolize.dll.a" />
			<Add library="../../llvm/build/lib/libLLVMTableGen.dll.a" />
			<Add library="../../llvm/build/lib/libLLVMTableGenGlobalISel.dll.a" />
			<Add library="../../llvm/build/lib/libLLVMTableGenGlobalISel_static.a" />
			<Add library="../../llvm/build/lib/libLLVMTarget.dll.a" />
			<Add library="../../llvm/build/lib/libLLVMTestingSupport.dll.a" />
			<Add library="../../llvm/build/lib/libLLVMTextAPI.dll.a" />
			<Add library="../../llvm/build/lib/libLLVMTransformUtils.dll.a" />
			<Add library="../../llvm/build/lib/libLLVMVectorize.dll.a" />
			<Add library="../../llvm/build/lib/libLLVMWindowsDriver.dll.a" />
			<Add library="../../llvm/build/lib/libLLVMWindowsManifest.dll.a" />
			<Add library="../../llvm/build/lib/libLLVMX86AsmParser.dll.a" />
			<Add library="../../llvm/build/lib/libLLVMX86CodeGen.dll.a" />
			<Add library="../../llvm/build/lib/libLLVMX86Desc.dll.a" />
			<Add library="../../llvm/build/lib/libLLVMX86Disassembler.dll.a" />
			<Add library="../../llvm/build/lib/libLLVMX86Info.dll.a" />
			<Add library="../../llvm/build/lib/libLLVMX86TargetMCA.dll.a" />
			<Add library="../../llvm/build/lib/libLLVMXRay.dll.a" />
			<Add library="../../llvm/build/lib/libLTO.dll.a" />
			<Add library="../../llvm/build/lib/libRemarks.dll.a" />
		</Linker>
		<Unit filename="src/CodeGen.cpp" />
		<Unit filename="src/CodeGen.hpp" />
		<Unit filename="src/FormatReader.cpp" />
		<Unit filename="src/FormatReader.hpp" />
		<Extensions />
	</Project>
</CodeBlocks_project_file>
